
Microsoft Visual Studio Solution File, Format Version 12.00
# Visual Studio Version 16
VisualStudioVersion = 16.0.34601.136
MinimumVisualStudioVersion = 10.0.40219.1
Project("{888888A0-9F3D-457C-B088-3A5042F75D52}") = "ProPotolok", "ProPotolok.pyproj", "{F799B1EF-1C00-42BF-8F1D-49F4F3B69973}"
EndProject
Global
	GlobalSection(SolutionConfigurationPlatforms) = preSolution
		Debug|Any CPU = Debug|Any CPU
		Release|Any CPU = Release|Any CPU
	EndGlobalSection
	GlobalSection(ProjectConfigurationPlatforms) = postSolution
		{F799B1EF-1C00-42BF-8F1D-49F4F3B69973}.Debug|Any CPU.ActiveCfg = Debug|Any CPU
		{F799B1EF-1C00-42BF-8F1D-49F4F3B69973}.Debug|Any CPU.Build.0 = Debug|Any CPU
		{F799B1EF-1C00-42BF-8F1D-49F4F3B69973}.Release|Any CPU.ActiveCfg = Release|Any CPU
		{F799B1EF-1C00-42BF-8F1D-49F4F3B69973}.Release|Any CPU.Build.0 = Release|Any CPU
	EndGlobalSection
	GlobalSection(SolutionProperties) = preSolution
		HideSolutionNode = FALSE
	EndGlobalSection
	GlobalSection(ExtensibilityGlobals) = postSolution
		SolutionGuid = {36EB22F6-05CD-482E-B1FE-E5C7060A58EE}
	EndGlobalSection
EndGlobal
